
Microsoft Visual Studio Solution File, Format Version 12.00
# Visual Studio Version 17
VisualStudioVersion = 17.3.32825.248
MinimumVisualStudioVersion = 10.0.40219.1
Project("{FAE04EC0-301F-11D3-BF4B-00C04F79EFBC}") = "fortuna2", "fortuna2\fortuna2.csproj", "{3BAF070F-A75E-42AB-8DFD-6219A4EFC314}"
EndProject
Global
	GlobalSection(SolutionConfigurationPlatforms) = preSolution
		Debug|Any CPU = Debug|Any CPU
		Release|Any CPU = Release|Any CPU
	EndGlobalSection
	GlobalSection(ProjectConfigurationPlatforms) = postSolution
		{3BAF070F-A75E-42AB-8DFD-6219A4EFC314}.Debug|Any CPU.ActiveCfg = Debug|Any CPU
		{3BAF070F-A75E-42AB-8DFD-6219A4EFC314}.Debug|Any CPU.Build.0 = Debug|Any CPU
		{3BAF070F-A75E-42AB-8DFD-6219A4EFC314}.Release|Any CPU.ActiveCfg = Release|Any CPU
		{3BAF070F-A75E-42AB-8DFD-6219A4EFC314}.Release|Any CPU.Build.0 = Release|Any CPU
	EndGlobalSection
	GlobalSection(SolutionProperties) = preSolution
		HideSolutionNode = FALSE
	EndGlobalSection
	GlobalSection(ExtensibilityGlobals) = postSolution
		SolutionGuid = {970B6BFE-70EB-4941-9139-DDF57DA58D10}
	EndGlobalSection
EndGlobal
